{
  "nodes": {
    "gen-algebra": {
      "locked": {
        "lastModified": 1790487874,
        "narHash": "sha256-At/zCKVQKrEqnGrdMyQHB7NQ2HavkwERmnUyFhKCj9o=",
        "owner": "sini",
        "repo": "gen-algebra",
        "rev": "d6fa371eff115e9a17cc5847b46f6ab5831b0d10",
        "type": "github"
      },
      "original": {
        "owner": "sini",
        "repo": "gen-algebra",
        "type": "github"
      }
    },
    "gen-graph": {
      "inputs": {
        "gen-prelude": [
          "gen-prelude"
        ]
      },
      "locked": {
        "lastModified": 1790489364,
        "narHash": "sha256-L3t1mI1q47JmRWNr9C3iHYJ+6OuISvHStrABc15xblU=",
        "owner": "sini",
        "repo": "gen-graph",
        "rev": "d6362e3dc0735e19ac11de1cdd2b92eb43ddc3bc",
        "type": "github"
      },
      "original": {
        "owner": "sini",
        "repo": "gen-graph",
        "type": "github"
      }
    },
    "gen-identity": {
      "locked": {
        "lastModified": 1790481891,
        "narHash": "sha256-OaWr3b4N9E3GzR7p7W1Jb82PLZail3purJAWy04wWfs=",
        "owner": "sini",
        "repo": "gen-identity",
        "rev": "980632a00c9f3dbe2c9fe1e8b0ec94e78f41dd5c",
        "type": "github"
      },
      "original": {
        "owner": "sini",
        "repo": "gen-identity",
        "type": "github"
      }
    },
    "gen-prelude": {
      "locked": {
        "lastModified": 1790489312,
        "narHash": "sha256-pM4oC11mKRGzJIQ3h8Q9xNjYE8646FVa6+LYI92F3iA=",
        "owner": "sini",
        "repo": "gen-prelude",
        "rev": "5a0b22d0f10f2b23063a20040ff4bc42a375bdd2",
        "type": "github"
      },
      "original": {
        "owner": "sini",
        "repo": "gen-prelude",
        "type": "github"
      }
    },
    "gen-program": {
      "inputs": {
        "gen-prelude": [
          "gen-prelude"
        ],
        "gen-scope": [
          "gen-scope"
        ]
      },
      "locked": {
        "lastModified": 1790489425,
        "narHash": "sha256-orZ647M/7gc/nO9+dc+nah8iJU40ZEBxYj8VnuDT0ak=",
        "owner": "sini",
        "repo": "gen-program",
        "rev": "fc32f2bcd978be254ad9cca9931614329cb6a047",
        "type": "github"
      },
      "original": {
        "owner": "sini",
        "repo": "gen-program",
        "type": "github"
      }
    },
    "gen-scope": {
      "inputs": {
        "gen-graph": [
          "gen-graph"
        ],
        "gen-identity": "gen-identity",
        "gen-prelude": [
          "gen-prelude"
        ]
      },
      "locked": {
        "lastModified": 1790489394,
        "narHash": "sha256-etR0bLY1NFYfSa9x6fm1DSTpU9Slu1wAPMc5uA+Y/0s=",
        "owner": "sini",
        "repo": "gen-scope",
        "rev": "b0aea00e3b39464b3af130002b0bea2461fcbf0a",
        "type": "github"
      },
      "original": {
        "owner": "sini",
        "repo": "gen-scope",
        "type": "github"
      }
    },
    "gen-select": {
      "inputs": {
        "gen-algebra": "gen-algebra"
      },
      "locked": {
        "lastModified": 1790489493,
        "narHash": "sha256-hjhtDy9ga6VnprEI3HF+nioi8scAJKe7A43K/UVmXFw=",
        "owner": "sini",
        "repo": "gen-select",
        "rev": "ef10be04317a75a7f4d72555f0be89c617e4dd02",
        "type": "github"
      },
      "original": {
        "owner": "sini",
        "repo": "gen-select",
        "type": "github"
      }
    },
    "root": {
      "inputs": {
        "gen-graph": "gen-graph",
        "gen-prelude": "gen-prelude",
        "gen-program": "gen-program",
        "gen-scope": "gen-scope",
        "gen-select": "gen-select"
      }
    }
  },
  "root": "root",
  "version": 7
}
