{
  "nodes": {
    "gen-algebra": {
      "locked": {
        "lastModified": 1790613824,
        "narHash": "sha256-3jOsi/Id3GvfzeUErtlXpEzUCtWvp/xkwapJ09eOtkE=",
        "owner": "sini",
        "repo": "gen-algebra",
        "rev": "80b5ce20394edcbb2673775758ca90f8013b68cc",
        "type": "github"
      },
      "original": {
        "owner": "sini",
        "repo": "gen-algebra",
        "type": "github"
      }
    },
    "gen-graph": {
      "inputs": {
        "gen-prelude": [
          "gen-prelude"
        ]
      },
      "locked": {
        "lastModified": 1790613835,
        "narHash": "sha256-EKt3OqmuapRLziX4OHdS1ejlQxdnclLSype1/mxhZDw=",
        "owner": "sini",
        "repo": "gen-graph",
        "rev": "3078435eae0c7b27afb0c33c94cb8d491c87e4bd",
        "type": "github"
      },
      "original": {
        "owner": "sini",
        "repo": "gen-graph",
        "type": "github"
      }
    },
    "gen-identity": {
      "locked": {
        "lastModified": 1790613802,
        "narHash": "sha256-3PaxrJhJYW8BUD1duimMtI3fIJ+oLJmnewl9Zuc9PqY=",
        "owner": "sini",
        "repo": "gen-identity",
        "rev": "d82177992c06ffdded385d5160fdb3e645b25e27",
        "type": "github"
      },
      "original": {
        "owner": "sini",
        "repo": "gen-identity",
        "type": "github"
      }
    },
    "gen-prelude": {
      "locked": {
        "lastModified": 1790613800,
        "narHash": "sha256-ymfjS6ux3P+YNYWPC3pCbD7m94TZBGdgVhreJUu7xmo=",
        "owner": "sini",
        "repo": "gen-prelude",
        "rev": "f46ca5f3fa362da76f5050c148486f7ff3a746d1",
        "type": "github"
      },
      "original": {
        "owner": "sini",
        "repo": "gen-prelude",
        "type": "github"
      }
    },
    "gen-program": {
      "inputs": {
        "gen-prelude": [
          "gen-prelude"
        ],
        "gen-scope": [
          "gen-scope"
        ]
      },
      "locked": {
        "lastModified": 1790613887,
        "narHash": "sha256-1ufUYkDa22sqx/zrLBcTKdfzSvkiAmsO1FkwY6FS2mE=",
        "owner": "sini",
        "repo": "gen-program",
        "rev": "7e65e5bd8c1494b5dc86a8f33567788f08753f21",
        "type": "github"
      },
      "original": {
        "owner": "sini",
        "repo": "gen-program",
        "type": "github"
      }
    },
    "gen-scope": {
      "inputs": {
        "gen-graph": [
          "gen-graph"
        ],
        "gen-identity": "gen-identity",
        "gen-prelude": [
          "gen-prelude"
        ]
      },
      "locked": {
        "lastModified": 1790613863,
        "narHash": "sha256-uimkpP9O1U1ELUxogTc5F+SKWoo4kXSV/NE6vSsn23w=",
        "owner": "sini",
        "repo": "gen-scope",
        "rev": "193f1fa194159da21455b1ed05f9a3d769ab2595",
        "type": "github"
      },
      "original": {
        "owner": "sini",
        "repo": "gen-scope",
        "type": "github"
      }
    },
    "gen-select": {
      "inputs": {
        "gen-algebra": "gen-algebra"
      },
      "locked": {
        "lastModified": 1790614090,
        "narHash": "sha256-Efap2iverY8XGkj3s9ifzRJ5Ubc96iLH5Z2JZxR8a6o=",
        "owner": "sini",
        "repo": "gen-select",
        "rev": "c4f1f1e6c0386af28b67ccbd475ea1516a5b306c",
        "type": "github"
      },
      "original": {
        "owner": "sini",
        "repo": "gen-select",
        "type": "github"
      }
    },
    "root": {
      "inputs": {
        "gen-graph": "gen-graph",
        "gen-prelude": "gen-prelude",
        "gen-program": "gen-program",
        "gen-scope": "gen-scope",
        "gen-select": "gen-select"
      }
    }
  },
  "root": "root",
  "version": 7
}
