{
  "nodes": {
    "gen-algebra": {
      "locked": {
        "lastModified": 1790381837,
        "narHash": "sha256-2LHUbx9Qe+tiweSWbyfnFqMSVMpZngZb0gOYomhqfGY=",
        "owner": "sini",
        "repo": "gen-algebra",
        "rev": "2b007faa72de29c8ebd19cceac67df330cda1e29",
        "type": "github"
      },
      "original": {
        "owner": "sini",
        "repo": "gen-algebra",
        "type": "github"
      }
    },
    "gen-graph": {
      "inputs": {
        "gen-prelude": [
          "gen-prelude"
        ]
      },
      "locked": {
        "lastModified": 1790381855,
        "narHash": "sha256-g0Ky+R36iXvOsXjLbcuBdtMIjaWq/yc9uqqlOrAlJOM=",
        "owner": "sini",
        "repo": "gen-graph",
        "rev": "992c97d4040120bfdc31a26827d4ac2b44ece89a",
        "type": "github"
      },
      "original": {
        "owner": "sini",
        "repo": "gen-graph",
        "type": "github"
      }
    },
    "gen-identity": {
      "locked": {
        "lastModified": 1790381809,
        "narHash": "sha256-x0FpQt26vLk1F/EGBqs5CNdFrlFKsjq+rHQBIsYSBvA=",
        "owner": "sini",
        "repo": "gen-identity",
        "rev": "976478e72e189d43d53d8c4639ddc1d86286cb1a",
        "type": "github"
      },
      "original": {
        "owner": "sini",
        "repo": "gen-identity",
        "type": "github"
      }
    },
    "gen-prelude": {
      "locked": {
        "lastModified": 1790381819,
        "narHash": "sha256-NUsUwAjvgHXCF1YDXDLCEDmr0+cppEY17XryjyxaBSY=",
        "owner": "sini",
        "repo": "gen-prelude",
        "rev": "61b1ea78fbcf2222c50232b979975d7973ead98b",
        "type": "github"
      },
      "original": {
        "owner": "sini",
        "repo": "gen-prelude",
        "type": "github"
      }
    },
    "gen-program": {
      "inputs": {
        "gen-prelude": [
          "gen-prelude"
        ],
        "gen-scope": [
          "gen-scope"
        ]
      },
      "locked": {
        "lastModified": 1790381977,
        "narHash": "sha256-1GeK/d8zIiK/TWZ/bNoIJnBIhQU1W5QncYKMskexrvY=",
        "owner": "sini",
        "repo": "gen-program",
        "rev": "d9a5e1dfa2584297c88b2fba0ea4a263e1cda9ac",
        "type": "github"
      },
      "original": {
        "owner": "sini",
        "repo": "gen-program",
        "type": "github"
      }
    },
    "gen-scope": {
      "inputs": {
        "gen-graph": [
          "gen-graph"
        ],
        "gen-identity": "gen-identity",
        "gen-prelude": [
          "gen-prelude"
        ]
      },
      "locked": {
        "lastModified": 1790381917,
        "narHash": "sha256-Bc5YceP4VBrSsJ+atJd/K1aFjr68SN3NxQOYd8Va6vA=",
        "owner": "sini",
        "repo": "gen-scope",
        "rev": "cf8698f28faf624160e426231b28669c4af3a198",
        "type": "github"
      },
      "original": {
        "owner": "sini",
        "repo": "gen-scope",
        "type": "github"
      }
    },
    "gen-select": {
      "inputs": {
        "gen-algebra": "gen-algebra"
      },
      "locked": {
        "lastModified": 1790382100,
        "narHash": "sha256-CGZtAcnMAIEjxBXp8J3LEEqCqUpc+PmeRP4zilmmJlc=",
        "owner": "sini",
        "repo": "gen-select",
        "rev": "5496a9728f6e459041d2e646b74658fa793134e0",
        "type": "github"
      },
      "original": {
        "owner": "sini",
        "repo": "gen-select",
        "type": "github"
      }
    },
    "root": {
      "inputs": {
        "gen-graph": "gen-graph",
        "gen-prelude": "gen-prelude",
        "gen-program": "gen-program",
        "gen-scope": "gen-scope",
        "gen-select": "gen-select"
      }
    }
  },
  "root": "root",
  "version": 7
}
